# THIS IS AN AUTOGENERATED FILE. DO NOT EDIT THIS FILE DIRECTLY.
# yarn lockfile v1


"@susisu/whitespace-js@^0.0.8":
  version "0.0.8"
  resolved "https://registry.yarnpkg.com/@susisu/whitespace-js/-/whitespace-js-0.0.8.tgz#ad2b1cc29e87b4fe91153c7d913b176555ed0317"
  integrity sha1-rSscwp6HtP6RFTx9kTsXZVXtAxc=
  dependencies:
    co "^4.6.0"
    commander "^2.9.0"
    loquat "^2.0.0"
    loquat-token "^2.0.0"

co@^4.6.0:
  version "4.6.0"
  resolved "https://registry.yarnpkg.com/co/-/co-4.6.0.tgz#6ea6bdf3d853ae54ccb8e47bfa0bf3f9031fb184"
  integrity sha1-bqa989hTrlTMuOR7+gvz+QMfsYQ=

commander@^2.9.0:
  version "2.20.3"
  resolved "https://registry.yarnpkg.com/commander/-/commander-2.20.3.tgz#fd485e84c03eb4881c20722ba48035e8531aeb33"
  integrity sha512-GpVkmM8vF2vQUkj2LvZmD35JxeJOLCwJ9cUkugyk2nuhbv3+mJvpLYYt+0+USMxE+oj+ey/lJEnhZw75x/OMcQ==

loquat-char@^2.0.0, loquat-char@~2.0.0:
  version "2.0.1"
  resolved "https://registry.yarnpkg.com/loquat-char/-/loquat-char-2.0.1.tgz#f4bb23a17a619f6600859f47726b2323f5d1f40d"
  integrity sha1-9LsjoXphn2YAhZ9HcmsjI/XR9A0=
  dependencies:
    loquat-prim "^2.0.0"

loquat-combinators@^2.0.0, loquat-combinators@~2.0.0:
  version "2.0.0"
  resolved "https://registry.yarnpkg.com/loquat-combinators/-/loquat-combinators-2.0.0.tgz#f56bb83eb496aed971361ab8072b368d325bf277"
  integrity sha1-9Wu4PrSWrtlxNhq4Bys2jTJb8nc=
  dependencies:
    loquat-prim "^2.0.0"

loquat-core@~2.0.0:
  version "2.0.2"
  resolved "https://registry.yarnpkg.com/loquat-core/-/loquat-core-2.0.2.tgz#e6d71d25ab4ba60f2b468b2055d9cced9eed230c"
  integrity sha512-Qiq1gdqmL0H14BkjgGX1hc9i9Hkksvp+Yhc57ZvddL2iT2n9ijFYvbdyTBwwUrH96i81wvtKPP/fxcwLgGaZuw==

loquat-expr@~2.0.0:
  version "2.0.0"
  resolved "https://registry.yarnpkg.com/loquat-expr/-/loquat-expr-2.0.0.tgz#79687450b1e7a5ff4a37d165020701065ec1a8b2"
  integrity sha1-eWh0ULHnpf9KN9FlAgcBBl7BqLI=
  dependencies:
    loquat-combinators "^2.0.0"
    loquat-prim "^2.0.0"

loquat-monad@~2.0.0:
  version "2.0.0"
  resolved "https://registry.yarnpkg.com/loquat-monad/-/loquat-monad-2.0.0.tgz#e4d97f165fddf1e9e1c0953a88b5d0a4c89d84d5"
  integrity sha1-5Nl/Fl/d8enhwJU6iLXQpMidhNU=
  dependencies:
    loquat-prim "^2.0.0"

loquat-prim@^2.0.0, loquat-prim@~2.0.0:
  version "2.0.1"
  resolved "https://registry.yarnpkg.com/loquat-prim/-/loquat-prim-2.0.1.tgz#b3c021f1abfc9a9a9184985cbef3cf0ea1a6e678"
  integrity sha1-s8Ah8av8mpqRhJhcvvPPDqGm5ng=

loquat-qo@~2.0.0:
  version "2.0.0"
  resolved "https://registry.yarnpkg.com/loquat-qo/-/loquat-qo-2.0.0.tgz#064cf86a10e10e3cad71514788d6d847ccc7c6dd"
  integrity sha1-Bkz4ahDhDjytcVFHiNbYR8zHxt0=

loquat-token@^2.0.0:
  version "2.0.0"
  resolved "https://registry.yarnpkg.com/loquat-token/-/loquat-token-2.0.0.tgz#f2451d2bd04fb018de004f9087be130e86ec60dc"
  integrity sha1-8kUdK9BPsBjeAE+Qh74TDobsYNw=
  dependencies:
    loquat-char "^2.0.0"
    loquat-combinators "^2.0.0"
    loquat-prim "^2.0.0"

loquat@^2.0.0:
  version "2.0.0"
  resolved "https://registry.yarnpkg.com/loquat/-/loquat-2.0.0.tgz#365d1c8b98aeae79145675fb4cf798eba8634dc5"
  integrity sha1-Nl0ci5iurnkUVnX7TPeY66hjTcU=
  dependencies:
    loquat-char "~2.0.0"
    loquat-combinators "~2.0.0"
    loquat-core "~2.0.0"
    loquat-expr "~2.0.0"
    loquat-monad "~2.0.0"
    loquat-prim "~2.0.0"
    loquat-qo "~2.0.0"
